<?xml version="1.0" encoding="utf-8"?>
<Project ToolsVersion="4.0" xmlns="http://schemas.microsoft.com/developer/msbuild/2003">
  <ItemGroup>
    <Filter Include="Source Files">
      <UniqueIdentifier>{4FC737F1-C7A5-4376-A066-2A32D752A2FF}</UniqueIdentifier>
      <Extensions>cpp;c;cc;cxx;c++;cppm;ixx;def;odl;idl;hpj;bat;asm;asmx</Extensions>
    </Filter>
    <Filter Include="Header Files">
      <UniqueIdentifier>{93995380-89BD-4b04-88EB-625FBE52EBFB}</UniqueIdentifier>
      <Extensions>h;hh;hpp;hxx;h++;hm;inl;inc;ipp;xsd</Extensions>
    </Filter>
    <Filter Include="Resource Files">
      <UniqueIdentifier>{67DA6AB6-F800-4c08-8B7A-83BB121AAD01}</UniqueIdentifier>
      <Extensions>rc;ico;cur;bmp;dlg;rc2;rct;bin;rgs;gif;jpg;jpeg;jpe;resx;tiff;tif;png;wav;mfcribbon-ms</Extensions>
    </Filter>
  </ItemGroup>
  <ItemGroup>
    <None Include="Makefile" />
  </ItemGroup>
  <ItemGroup>
    <ClInclude Include="pfalloc.h">
      <Filter>Header Files</Filter>
    </ClInclude>
    <ClInclude Include="pfargs.h">
      <Filter>Header Files</Filter>
    </ClInclude>
    <ClInclude Include="pfclause.h">
      <Filter>Header Files</Filter>
    </ClInclude>
    <ClInclude Include="pfcolor.h">
      <Filter>Header Files</Filter>
    </ClInclude>
    <ClInclude Include="pfconst.h">
      <Filter>Header Files</Filter>
    </ClInclude>
    <ClInclude Include="pfcontrol.h">
      <Filter>Header Files</Filter>
    </ClInclude>
    <ClInclude Include="pfdefs.h">
      <Filter>Header Files</Filter>
    </ClInclude>
    <ClInclude Include="pfdimacs.h">
      <Filter>Header Files</Filter>
    </ClInclude>
    <ClInclude Include="pfdtypes.h">
      <Filter>Header Files</Filter>
    </ClInclude>
    <ClInclude Include="pfheap.h">
      <Filter>Header Files</Filter>
    </ClInclude>
    <ClInclude Include="pfkey.h">
      <Filter>Header Files</Filter>
    </ClInclude>
    <ClInclude Include="pflogging.h">
      <Filter>Header Files</Filter>
    </ClInclude>
    <ClInclude Include="pfmodel.h">
      <Filter>Header Files</Filter>
    </ClInclude>
    <ClInclude Include="pfoptions.h">
      <Filter>Header Files</Filter>
    </ClInclude>
    <ClInclude Include="pfparser.h">
      <Filter>Header Files</Filter>
    </ClInclude>
    <ClInclude Include="pfqueue.h">
      <Filter>Header Files</Filter>
    </ClInclude>
    <ClInclude Include="pfralloc.h">
      <Filter>Header Files</Filter>
    </ClInclude>
    <ClInclude Include="pfrandom.h">
      <Filter>Header Files</Filter>
    </ClInclude>
    <ClInclude Include="pfrestart.h">
      <Filter>Header Files</Filter>
    </ClInclude>
    <ClInclude Include="pfsclause.h">
      <Filter>Header Files</Filter>
    </ClInclude>
    <ClInclude Include="pfsimp.h">
      <Filter>Header Files</Filter>
    </ClInclude>
    <ClInclude Include="pfsolve.h">
      <Filter>Header Files</Filter>
    </ClInclude>
    <ClInclude Include="pfsolvertypes.h">
      <Filter>Header Files</Filter>
    </ClInclude>
    <ClInclude Include="pfsort.h">
      <Filter>Header Files</Filter>
    </ClInclude>
    <ClInclude Include="pfspace.h">
      <Filter>Header Files</Filter>
    </ClInclude>
    <ClInclude Include="pfvec.h">
      <Filter>Header Files</Filter>
    </ClInclude>
    <ClInclude Include="pfvmap.h">
      <Filter>Header Files</Filter>
    </ClInclude>
    <ClInclude Include="pfwatch.h">
      <Filter>Header Files</Filter>
    </ClInclude>
    <ClInclude Include="pfrange.h">
      <Filter>Header Files</Filter>
    </ClInclude>
  </ItemGroup>
  <ItemGroup>
    <ClCompile Include="pfanalyze.cpp">
      <Filter>Source Files</Filter>
    </ClCompile>
    <ClCompile Include="pfargs.cpp">
      <Filter>Source Files</Filter>
    </ClCompile>
    <ClCompile Include="pfbacktrack.cpp">
      <Filter>Source Files</Filter>
    </ClCompile>
    <ClCompile Include="pfbcp.cpp">
      <Filter>Source Files</Filter>
    </ClCompile>
    <ClCompile Include="pfclause.cpp">
      <Filter>Source Files</Filter>
    </ClCompile>
    <ClCompile Include="pfcontrol.cpp">
      <Filter>Source Files</Filter>
    </ClCompile>
    <ClCompile Include="pfdecide.cpp">
      <Filter>Source Files</Filter>
    </ClCompile>
    <ClCompile Include="pfelim.cpp">
      <Filter>Source Files</Filter>
    </ClCompile>
    <ClCompile Include="pflcve.cpp">
      <Filter>Source Files</Filter>
    </ClCompile>
    <ClCompile Include="pfmain.cpp">
      <Filter>Source Files</Filter>
    </ClCompile>
    <ClCompile Include="pfmdm.cpp">
      <Filter>Source Files</Filter>
    </ClCompile>
    <ClCompile Include="pfminimize.cpp">
      <Filter>Source Files</Filter>
    </ClCompile>
    <ClCompile Include="pfmodel.cpp">
      <Filter>Source Files</Filter>
    </ClCompile>
    <ClCompile Include="pfoptions.cpp">
      <Filter>Source Files</Filter>
    </ClCompile>
    <ClCompile Include="pfprinter.cpp">
      <Filter>Source Files</Filter>
    </ClCompile>
    <ClCompile Include="pfrecycle.cpp">
      <Filter>Source Files</Filter>
    </ClCompile>
    <ClCompile Include="pfreduce.cpp">
      <Filter>Source Files</Filter>
    </ClCompile>
    <ClCompile Include="pfrephase.cpp">
      <Filter>Source Files</Filter>
    </ClCompile>
    <ClCompile Include="pfrestart.cpp">
      <Filter>Source Files</Filter>
    </ClCompile>
    <ClCompile Include="pfsclause.cpp">
      <Filter>Source Files</Filter>
    </ClCompile>
    <ClCompile Include="pfsimp.cpp">
      <Filter>Source Files</Filter>
    </ClCompile>
    <ClCompile Include="pfsolve.cpp">
      <Filter>Source Files</Filter>
    </ClCompile>
    <ClCompile Include="pfsubsume.cpp">
      <Filter>Source Files</Filter>
    </ClCompile>
    <ClCompile Include="pfvmap.cpp">
      <Filter>Source Files</Filter>
    </ClCompile>
    <ClCompile Include="pfwatch.cpp">
      <Filter>Source Files</Filter>
    </ClCompile>
  </ItemGroup>
</Project>